
Microsoft Visual Studio Solution File, Format Version 12.00
# Visual Studio Version 16
VisualStudioVersion = 16.0.30717.126
MinimumVisualStudioVersion = 10.0.40219.1
Project("{FAE04EC0-301F-11D3-BF4B-00C04F79EFBC}") = "FutureValue", "FutureValue\FutureValue.csproj", "{BCCD32CF-B59F-437D-92A8-4C60F4C1CE27}"
EndProject
Global
	GlobalSection(SolutionConfigurationPlatforms) = preSolution
		Debug|Any CPU = Debug|Any CPU
		Release|Any CPU = Release|Any CPU
	EndGlobalSection
	GlobalSection(ProjectConfigurationPlatforms) = postSolution
		{BCCD32CF-B59F-437D-92A8-4C60F4C1CE27}.Debug|Any CPU.ActiveCfg = Debug|Any CPU
		{BCCD32CF-B59F-437D-92A8-4C60F4C1CE27}.Debug|Any CPU.Build.0 = Debug|Any CPU
		{BCCD32CF-B59F-437D-92A8-4C60F4C1CE27}.Release|Any CPU.ActiveCfg = Release|Any CPU
		{BCCD32CF-B59F-437D-92A8-4C60F4C1CE27}.Release|Any CPU.Build.0 = Release|Any CPU
	EndGlobalSection
	GlobalSection(SolutionProperties) = preSolution
		HideSolutionNode = FALSE
	EndGlobalSection
	GlobalSection(ExtensibilityGlobals) = postSolution
		SolutionGuid = {22316334-A38B-48CB-8F19-69FAB93E2C68}
	EndGlobalSection
EndGlobal
